
Microsoft Visual Studio Solution File, Format Version 12.00
# Visual Studio Version 16
VisualStudioVersion = 16.0.32228.343
MinimumVisualStudioVersion = 10.0.40219.1
Project("{FAE04EC0-301F-11D3-BF4B-00C04F79EFBC}") = "FlightBySql_ASP", "FlightBySql_ASP\FlightBySql_ASP.csproj", "{0D1A2415-BD62-4E0E-B349-A3049A7D42D6}"
EndProject
Global
	GlobalSection(SolutionConfigurationPlatforms) = preSolution
		Debug|Any CPU = Debug|Any CPU
		Release|Any CPU = Release|Any CPU
	EndGlobalSection
	GlobalSection(ProjectConfigurationPlatforms) = postSolution
		{0D1A2415-BD62-4E0E-B349-A3049A7D42D6}.Debug|Any CPU.ActiveCfg = Debug|Any CPU
		{0D1A2415-BD62-4E0E-B349-A3049A7D42D6}.Debug|Any CPU.Build.0 = Debug|Any CPU
		{0D1A2415-BD62-4E0E-B349-A3049A7D42D6}.Release|Any CPU.ActiveCfg = Release|Any CPU
		{0D1A2415-BD62-4E0E-B349-A3049A7D42D6}.Release|Any CPU.Build.0 = Release|Any CPU
	EndGlobalSection
	GlobalSection(SolutionProperties) = preSolution
		HideSolutionNode = FALSE
	EndGlobalSection
	GlobalSection(ExtensibilityGlobals) = postSolution
		SolutionGuid = {D0FB9D7C-2CEB-46CA-877D-B9205045989E}
	EndGlobalSection
EndGlobal
